
Microsoft Visual Studio Solution File, Format Version 12.00
# Visual Studio Version 16
VisualStudioVersion = 16.0.30128.74
MinimumVisualStudioVersion = 10.0.40219.1
Project("{9A19103F-16F7-4668-BE54-9A1E7A4F7556}") = "ASP.NET_Core_API", "ASP.NET_Core_API\ASP.NET_Core_API.csproj", "{CA83CA74-D60B-4573-80E0-26725B374BCF}"
EndProject
Project("{FAE04EC0-301F-11D3-BF4B-00C04F79EFBC}") = "ASP.NET_Core_Client", "..\ASP.NET_Core_Client\ASP.NET_Core_Client.csproj", "{601342FF-0ED3-4074-ADCF-449C7B67EA75}"
EndProject
Global
	GlobalSection(SolutionConfigurationPlatforms) = preSolution
		Debug|Any CPU = Debug|Any CPU
		Release|Any CPU = Release|Any CPU
	EndGlobalSection
	GlobalSection(ProjectConfigurationPlatforms) = postSolution
		{CA83CA74-D60B-4573-80E0-26725B374BCF}.Debug|Any CPU.ActiveCfg = Debug|Any CPU
		{CA83CA74-D60B-4573-80E0-26725B374BCF}.Debug|Any CPU.Build.0 = Debug|Any CPU
		{CA83CA74-D60B-4573-80E0-26725B374BCF}.Release|Any CPU.ActiveCfg = Release|Any CPU
		{CA83CA74-D60B-4573-80E0-26725B374BCF}.Release|Any CPU.Build.0 = Release|Any CPU
		{601342FF-0ED3-4074-ADCF-449C7B67EA75}.Debug|Any CPU.ActiveCfg = Debug|Any CPU
		{601342FF-0ED3-4074-ADCF-449C7B67EA75}.Debug|Any CPU.Build.0 = Debug|Any CPU
		{601342FF-0ED3-4074-ADCF-449C7B67EA75}.Release|Any CPU.ActiveCfg = Release|Any CPU
		{601342FF-0ED3-4074-ADCF-449C7B67EA75}.Release|Any CPU.Build.0 = Release|Any CPU
	EndGlobalSection
	GlobalSection(SolutionProperties) = preSolution
		HideSolutionNode = FALSE
	EndGlobalSection
	GlobalSection(ExtensibilityGlobals) = postSolution
		SolutionGuid = {E5ACDBA9-A621-47B7-9260-8F68E9DBAF53}
	EndGlobalSection
EndGlobal
